
Microsoft Visual Studio Solution File, Format Version 12.00
# Visual Studio Version 17
VisualStudioVersion = 17.6.33801.468
MinimumVisualStudioVersion = 10.0.40219.1
Project("{FAE04EC0-301F-11D3-BF4B-00C04F79EFBC}") = "NerdysoftWebAPI", "NerdysoftWebAPI\NerdysoftWebAPI.csproj", "{D35230D9-342D-4285-A7FB-E34D0C853BA8}"
EndProject
Project("{FAE04EC0-301F-11D3-BF4B-00C04F79EFBC}") = "NerdysoftWebAPI.Database", "NerdysoftWebAPI.Domain\NerdysoftWebAPI.Database.csproj", "{028C234E-B3A1-43D5-A8EF-673CEE0E46F1}"
EndProject
Project("{FAE04EC0-301F-11D3-BF4B-00C04F79EFBC}") = "NerdysoftWebAPI.Domain", "NerdysoftWebAPI.Database\NerdysoftWebAPI.Domain.csproj", "{456E641B-278B-4871-AE6C-2374D44CDA3F}"
EndProject
Global
	GlobalSection(SolutionConfigurationPlatforms) = preSolution
		Debug|Any CPU = Debug|Any CPU
		Release|Any CPU = Release|Any CPU
	EndGlobalSection
	GlobalSection(ProjectConfigurationPlatforms) = postSolution
		{D35230D9-342D-4285-A7FB-E34D0C853BA8}.Debug|Any CPU.ActiveCfg = Debug|Any CPU
		{D35230D9-342D-4285-A7FB-E34D0C853BA8}.Debug|Any CPU.Build.0 = Debug|Any CPU
		{D35230D9-342D-4285-A7FB-E34D0C853BA8}.Release|Any CPU.ActiveCfg = Release|Any CPU
		{D35230D9-342D-4285-A7FB-E34D0C853BA8}.Release|Any CPU.Build.0 = Release|Any CPU
		{028C234E-B3A1-43D5-A8EF-673CEE0E46F1}.Debug|Any CPU.ActiveCfg = Debug|Any CPU
		{028C234E-B3A1-43D5-A8EF-673CEE0E46F1}.Debug|Any CPU.Build.0 = Debug|Any CPU
		{028C234E-B3A1-43D5-A8EF-673CEE0E46F1}.Release|Any CPU.ActiveCfg = Release|Any CPU
		{028C234E-B3A1-43D5-A8EF-673CEE0E46F1}.Release|Any CPU.Build.0 = Release|Any CPU
		{456E641B-278B-4871-AE6C-2374D44CDA3F}.Debug|Any CPU.ActiveCfg = Debug|Any CPU
		{456E641B-278B-4871-AE6C-2374D44CDA3F}.Debug|Any CPU.Build.0 = Debug|Any CPU
		{456E641B-278B-4871-AE6C-2374D44CDA3F}.Release|Any CPU.ActiveCfg = Release|Any CPU
		{456E641B-278B-4871-AE6C-2374D44CDA3F}.Release|Any CPU.Build.0 = Release|Any CPU
	EndGlobalSection
	GlobalSection(SolutionProperties) = preSolution
		HideSolutionNode = FALSE
	EndGlobalSection
	GlobalSection(ExtensibilityGlobals) = postSolution
		SolutionGuid = {5CA6B879-C354-46B3-9A8A-51E7ACBF546E}
	EndGlobalSection
EndGlobal
